
Microsoft Visual Studio Solution File, Format Version 12.00
# Visual Studio Version 17
VisualStudioVersion = 17.6.33723.286
MinimumVisualStudioVersion = 10.0.40219.1
Project("{FAE04EC0-301F-11D3-BF4B-00C04F79EFBC}") = "Clase01", "Clase01\Clase01.csproj", "{37D5B71E-C97C-482E-B9BB-A82D501DE8FE}"
EndProject
Global
	GlobalSection(SolutionConfigurationPlatforms) = preSolution
		Debug|Any CPU = Debug|Any CPU
		Release|Any CPU = Release|Any CPU
	EndGlobalSection
	GlobalSection(ProjectConfigurationPlatforms) = postSolution
		{37D5B71E-C97C-482E-B9BB-A82D501DE8FE}.Debug|Any CPU.ActiveCfg = Debug|Any CPU
		{37D5B71E-C97C-482E-B9BB-A82D501DE8FE}.Debug|Any CPU.Build.0 = Debug|Any CPU
		{37D5B71E-C97C-482E-B9BB-A82D501DE8FE}.Release|Any CPU.ActiveCfg = Release|Any CPU
		{37D5B71E-C97C-482E-B9BB-A82D501DE8FE}.Release|Any CPU.Build.0 = Release|Any CPU
	EndGlobalSection
	GlobalSection(SolutionProperties) = preSolution
		HideSolutionNode = FALSE
	EndGlobalSection
	GlobalSection(ExtensibilityGlobals) = postSolution
		SolutionGuid = {AA66DB0F-2CC5-4125-9AA1-CF1DAB23CA36}
	EndGlobalSection
EndGlobal
